
Microsoft Visual Studio Solution File, Format Version 12.00
# Visual Studio Version 16
VisualStudioVersion = 16.0.29920.165
MinimumVisualStudioVersion = 10.0.40219.1
Project("{8BC9CEB8-8B4A-11D0-8D11-00A0C91BC942}") = "【C++提高02】两头堵模型", "【C++提高02】两头堵模型.vcxproj", "{7EE6D85D-6D3B-4131-97B5-5BA7BFCA0498}"
EndProject
Global
	GlobalSection(SolutionConfigurationPlatforms) = preSolution
		Debug|x64 = Debug|x64
		Debug|x86 = Debug|x86
		Release|x64 = Release|x64
		Release|x86 = Release|x86
	EndGlobalSection
	GlobalSection(ProjectConfigurationPlatforms) = postSolution
		{7EE6D85D-6D3B-4131-97B5-5BA7BFCA0498}.Debug|x64.ActiveCfg = Debug|x64
		{7EE6D85D-6D3B-4131-97B5-5BA7BFCA0498}.Debug|x64.Build.0 = Debug|x64
		{7EE6D85D-6D3B-4131-97B5-5BA7BFCA0498}.Debug|x86.ActiveCfg = Debug|Win32
		{7EE6D85D-6D3B-4131-97B5-5BA7BFCA0498}.Debug|x86.Build.0 = Debug|Win32
		{7EE6D85D-6D3B-4131-97B5-5BA7BFCA0498}.Release|x64.ActiveCfg = Release|x64
		{7EE6D85D-6D3B-4131-97B5-5BA7BFCA0498}.Release|x64.Build.0 = Release|x64
		{7EE6D85D-6D3B-4131-97B5-5BA7BFCA0498}.Release|x86.ActiveCfg = Release|Win32
		{7EE6D85D-6D3B-4131-97B5-5BA7BFCA0498}.Release|x86.Build.0 = Release|Win32
	EndGlobalSection
	GlobalSection(SolutionProperties) = preSolution
		HideSolutionNode = FALSE
	EndGlobalSection
	GlobalSection(ExtensibilityGlobals) = postSolution
		SolutionGuid = {583E949B-320F-4C3D-95C8-4442F871A7F3}
	EndGlobalSection
EndGlobal
